
Microsoft Visual Studio Solution File, Format Version 12.00
# Visual Studio Version 17
VisualStudioVersion = 17.10.35013.160
MinimumVisualStudioVersion = 10.0.40219.1
Project("{2150E333-8FDC-42A3-9474-1A3956D46DE8}") = "Server", "Server", "{39D7C5BD-92BD-4301-BF1C-8715438602D3}"
EndProject
Project("{2150E333-8FDC-42A3-9474-1A3956D46DE8}") = "AuctionService", "AuctionService", "{AB3F7ACB-ABB6-495B-A656-40489B9DE2D4}"
EndProject
Project("{FAE04EC0-301F-11D3-BF4B-00C04F79EFBC}") = "AuctionService.API", "Server\AuctionService\AuctionService.API\AuctionService.API.csproj", "{654C4A66-0E41-4A72-97C9-F61641730E56}"
EndProject
Global
	GlobalSection(SolutionConfigurationPlatforms) = preSolution
		Debug|Any CPU = Debug|Any CPU
		Release|Any CPU = Release|Any CPU
	EndGlobalSection
	GlobalSection(ProjectConfigurationPlatforms) = postSolution
		{654C4A66-0E41-4A72-97C9-F61641730E56}.Debug|Any CPU.ActiveCfg = Debug|Any CPU
		{654C4A66-0E41-4A72-97C9-F61641730E56}.Debug|Any CPU.Build.0 = Debug|Any CPU
		{654C4A66-0E41-4A72-97C9-F61641730E56}.Release|Any CPU.ActiveCfg = Release|Any CPU
		{654C4A66-0E41-4A72-97C9-F61641730E56}.Release|Any CPU.Build.0 = Release|Any CPU
	EndGlobalSection
	GlobalSection(SolutionProperties) = preSolution
		HideSolutionNode = FALSE
	EndGlobalSection
	GlobalSection(NestedProjects) = preSolution
		{AB3F7ACB-ABB6-495B-A656-40489B9DE2D4} = {39D7C5BD-92BD-4301-BF1C-8715438602D3}
		{654C4A66-0E41-4A72-97C9-F61641730E56} = {AB3F7ACB-ABB6-495B-A656-40489B9DE2D4}
	EndGlobalSection
	GlobalSection(ExtensibilityGlobals) = postSolution
		SolutionGuid = {EFA0BBD1-2C02-40EA-B58B-5445D24F25EF}
	EndGlobalSection
EndGlobal
